
Microsoft Visual Studio Solution File, Format Version 12.00
# Visual Studio Version 17
VisualStudioVersion = 17.5.33424.131
MinimumVisualStudioVersion = 10.0.40219.1
Project("{FAE04EC0-301F-11D3-BF4B-00C04F79EFBC}") = "SystemInfo", "SystemInfo\SystemInfo.csproj", "{B3EF4182-9D7A-45CF-B1F2-2C30ACD64142}"
EndProject
Global
	GlobalSection(SolutionConfigurationPlatforms) = preSolution
		Debug|Any CPU = Debug|Any CPU
		Release|Any CPU = Release|Any CPU
	EndGlobalSection
	GlobalSection(ProjectConfigurationPlatforms) = postSolution
		{B3EF4182-9D7A-45CF-B1F2-2C30ACD64142}.Debug|Any CPU.ActiveCfg = Debug|Any CPU
		{B3EF4182-9D7A-45CF-B1F2-2C30ACD64142}.Debug|Any CPU.Build.0 = Debug|Any CPU
		{B3EF4182-9D7A-45CF-B1F2-2C30ACD64142}.Release|Any CPU.ActiveCfg = Release|Any CPU
		{B3EF4182-9D7A-45CF-B1F2-2C30ACD64142}.Release|Any CPU.Build.0 = Release|Any CPU
	EndGlobalSection
	GlobalSection(SolutionProperties) = preSolution
		HideSolutionNode = FALSE
	EndGlobalSection
	GlobalSection(ExtensibilityGlobals) = postSolution
		SolutionGuid = {38EBD146-B358-4498-9139-AAA2EA3149C0}
	EndGlobalSection
EndGlobal
